
Microsoft Visual Studio Solution File, Format Version 12.00
# Visual Studio Version 16
VisualStudioVersion = 16.0.30517.126
MinimumVisualStudioVersion = 10.0.40219.1
Project("{FAE04EC0-301F-11D3-BF4B-00C04F79EFBC}") = "Perpustakaan", "Perpustakaan\Perpustakaan.csproj", "{119EA24C-9D45-45A8-A04E-E2DD5F0E6836}"
EndProject
Global
	GlobalSection(SolutionConfigurationPlatforms) = preSolution
		Debug|Any CPU = Debug|Any CPU
		Release|Any CPU = Release|Any CPU
	EndGlobalSection
	GlobalSection(ProjectConfigurationPlatforms) = postSolution
		{119EA24C-9D45-45A8-A04E-E2DD5F0E6836}.Debug|Any CPU.ActiveCfg = Debug|Any CPU
		{119EA24C-9D45-45A8-A04E-E2DD5F0E6836}.Debug|Any CPU.Build.0 = Debug|Any CPU
		{119EA24C-9D45-45A8-A04E-E2DD5F0E6836}.Release|Any CPU.ActiveCfg = Release|Any CPU
		{119EA24C-9D45-45A8-A04E-E2DD5F0E6836}.Release|Any CPU.Build.0 = Release|Any CPU
	EndGlobalSection
	GlobalSection(SolutionProperties) = preSolution
		HideSolutionNode = FALSE
	EndGlobalSection
	GlobalSection(ExtensibilityGlobals) = postSolution
		SolutionGuid = {F670D3D7-A761-4D32-8D83-FC137971C456}
	EndGlobalSection
EndGlobal
